// !$*UTF8*$!
{
	archiveVersion = 1;
	classes = {
	};
	objectVersion = 55;
	objects = {

/* Begin PBXBuildFile section */
		BB91E22E27B0C50F00395AC6 /* AppDelegate.swift in Sources */ = {isa = PBXBuildFile; fileRef = BB91E22D27B0C50F00395AC6 /* AppDelegate.swift */; };
		BB91E23027B0C50F00395AC6 /* SceneDelegate.swift in Sources */ = {isa = PBXBuildFile; fileRef = BB91E22F27B0C50F00395AC6 /* SceneDelegate.swift */; };
		BB91E23227B0C50F00395AC6 /* SplashViewController.swift in Sources */ = {isa = PBXBuildFile; fileRef = BB91E23127B0C50F00395AC6 /* SplashViewController.swift */; };
		BB91E23527B0C50F00395AC6 /* Main.storyboard in Resources */ = {isa = PBXBuildFile; fileRef = BB91E23327B0C50F00395AC6 /* Main.storyboard */; };
		BB91E23727B0C51400395AC6 /* Assets.xcassets in Resources */ = {isa = PBXBuildFile; fileRef = BB91E23627B0C51400395AC6 /* Assets.xcassets */; };
		BB91E23A27B0C51400395AC6 /* LaunchScreen.storyboard in Resources */ = {isa = PBXBuildFile; fileRef = BB91E23827B0C51400395AC6 /* LaunchScreen.storyboard */; };
		BB91E24527B0C51400395AC6 /* NewsApp_2Tests.swift in Sources */ = {isa = PBXBuildFile; fileRef = BB91E24427B0C51400395AC6 /* NewsApp_2Tests.swift */; };
		BB91E24F27B0C51400395AC6 /* NewsApp_2UITests.swift in Sources */ = {isa = PBXBuildFile; fileRef = BB91E24E27B0C51400395AC6 /* NewsApp_2UITests.swift */; };
		BB91E25127B0C51400395AC6 /* NewsApp_2UITestsLaunchTests.swift in Sources */ = {isa = PBXBuildFile; fileRef = BB91E25027B0C51400395AC6 /* NewsApp_2UITestsLaunchTests.swift */; };
		BB91E25F27B0C6EF00395AC6 /* Lottie in Frameworks */ = {isa = PBXBuildFile; productRef = BB91E25E27B0C6EF00395AC6 /* Lottie */; };
		BB91E26227B0D37200395AC6 /* dino.json in Resources */ = {isa = PBXBuildFile; fileRef = BB91E26127B0D37200395AC6 /* dino.json */; };
		BB91E26427B0E43700395AC6 /* MainNewsVC.swift in Sources */ = {isa = PBXBuildFile; fileRef = BB91E26327B0E43700395AC6 /* MainNewsVC.swift */; };
		BB91E26627B113B300395AC6 /* NewsTableViewCell.swift in Sources */ = {isa = PBXBuildFile; fileRef = BB91E26527B113B300395AC6 /* NewsTableViewCell.swift */; };
		BB91E26827B21AA800395AC6 /* MainNewsTableViewCell.xib in Resources */ = {isa = PBXBuildFile; fileRef = BB91E26727B21AA800395AC6 /* MainNewsTableViewCell.xib */; };
		BB91E26A27B23A5A00395AC6 /* News.swift in Sources */ = {isa = PBXBuildFile; fileRef = BB91E26927B23A5A00395AC6 /* News.swift */; };
		BB91E26C27B2620A00395AC6 /* NewsVC.swift in Sources */ = {isa = PBXBuildFile; fileRef = BB91E26B27B2620A00395AC6 /* NewsVC.swift */; };
		BBD5147827BA412F00074C98 /* MainNewsVC+UITableViewDataSource.swift in Sources */ = {isa = PBXBuildFile; fileRef = BBD5147727BA412F00074C98 /* MainNewsVC+UITableViewDataSource.swift */; };
		BBD5147A27BA414D00074C98 /* MainNewsVC+UITableViewDelegate.swift in Sources */ = {isa = PBXBuildFile; fileRef = BBD5147927BA414D00074C98 /* MainNewsVC+UITableViewDelegate.swift */; };
		BBD5147C27BB61EC00074C98 /* NewsFetcher.swift in Sources */ = {isa = PBXBuildFile; fileRef = BBD5147B27BB61EC00074C98 /* NewsFetcher.swift */; };
		BBD5147E27BB8FDB00074C98 /* NewsFetcherAwait.swift in Sources */ = {isa = PBXBuildFile; fileRef = BBD5147D27BB8FDB00074C98 /* NewsFetcherAwait.swift */; };
		BBD5148127BB982200074C98 /* jp@3x.png in Resources */ = {isa = PBXBuildFile; fileRef = BBD5148027BB982200074C98 /* jp@3x.png */; };
		BBD5148327BB982800074C98 /* jp@2x.png in Resources */ = {isa = PBXBuildFile; fileRef = BBD5148227BB982800074C98 /* jp@2x.png */; };
		BBD5148527BB983100074C98 /* thai@3x.png in Resources */ = {isa = PBXBuildFile; fileRef = BBD5148427BB983100074C98 /* thai@3x.png */; };
		BBD5148727BB983800074C98 /* thai@2x.png in Resources */ = {isa = PBXBuildFile; fileRef = BBD5148627BB983800074C98 /* thai@2x.png */; };
/* End PBXBuildFile section */

/* Begin PBXContainerItemProxy section */
		BB91E24127B0C51400395AC6 /* PBXContainerItemProxy */ = {
			isa = PBXContainerItemProxy;
			containerPortal = BB91E22227B0C50F00395AC6 /* Project object */;
			proxyType = 1;
			remoteGlobalIDString = BB91E22927B0C50F00395AC6;
			remoteInfo = NewsApp_2;
		};
		BB91E24B27B0C51400395AC6 /* PBXContainerItemProxy */ = {
			isa = PBXContainerItemProxy;
			containerPortal = BB91E22227B0C50F00395AC6 /* Project object */;
			proxyType = 1;
			remoteGlobalIDString = BB91E22927B0C50F00395AC6;
			remoteInfo = NewsApp_2;
		};
/* End PBXContainerItemProxy section */

/* Begin PBXFileReference section */
		BB91E22A27B0C50F00395AC6 /* NewsApp_2.app */ = {isa = PBXFileReference; explicitFileType = wrapper.application; includeInIndex = 0; path = NewsApp_2.app; sourceTree = BUILT_PRODUCTS_DIR; };
		BB91E22D27B0C50F00395AC6 /* AppDelegate.swift */ = {isa = PBXFileReference; lastKnownFileType = sourcecode.swift; path = AppDelegate.swift; sourceTree = "<group>"; };
		BB91E22F27B0C50F00395AC6 /* SceneDelegate.swift */ = {isa = PBXFileReference; lastKnownFileType = sourcecode.swift; path = SceneDelegate.swift; sourceTree = "<group>"; };
		BB91E23127B0C50F00395AC6 /* SplashViewController.swift */ = {isa = PBXFileReference; lastKnownFileType = sourcecode.swift; path = SplashViewController.swift; sourceTree = "<group>"; };
		BB91E23427B0C50F00395AC6 /* Base */ = {isa = PBXFileReference; lastKnownFileType = file.storyboard; name = Base; path = Base.lproj/Main.storyboard; sourceTree = "<group>"; };
		BB91E23627B0C51400395AC6 /* Assets.xcassets */ = {isa = PBXFileReference; lastKnownFileType = folder.assetcatalog; path = Assets.xcassets; sourceTree = "<group>"; };
		BB91E23927B0C51400395AC6 /* Base */ = {isa = PBXFileReference; lastKnownFileType = file.storyboard; name = Base; path = Base.lproj/LaunchScreen.storyboard; sourceTree = "<group>"; };
		BB91E23B27B0C51400395AC6 /* Info.plist */ = {isa = PBXFileReference; lastKnownFileType = text.plist.xml; path = Info.plist; sourceTree = "<group>"; };
		BB91E24027B0C51400395AC6 /* NewsApp_2Tests.xctest */ = {isa = PBXFileReference; explicitFileType = wrapper.cfbundle; includeInIndex = 0; path = NewsApp_2Tests.xctest; sourceTree = BUILT_PRODUCTS_DIR; };
		BB91E24427B0C51400395AC6 /* NewsApp_2Tests.swift */ = {isa = PBXFileReference; lastKnownFileType = sourcecode.swift; path = NewsApp_2Tests.swift; sourceTree = "<group>"; };
		BB91E24A27B0C51400395AC6 /* NewsApp_2UITests.xctest */ = {isa = PBXFileReference; explicitFileType = wrapper.cfbundle; includeInIndex = 0; path = NewsApp_2UITests.xctest; sourceTree = BUILT_PRODUCTS_DIR; };
		BB91E24E27B0C51400395AC6 /* NewsApp_2UITests.swift */ = {isa = PBXFileReference; lastKnownFileType = sourcecode.swift; path = NewsApp_2UITests.swift; sourceTree = "<group>"; };
		BB91E25027B0C51400395AC6 /* NewsApp_2UITestsLaunchTests.swift */ = {isa = PBXFileReference; lastKnownFileType = sourcecode.swift; path = NewsApp_2UITestsLaunchTests.swift; sourceTree = "<group>"; };
		BB91E26027B0CA1500395AC6 /* NewsApp_2.entitlements */ = {isa = PBXFileReference; lastKnownFileType = text.plist.entitlements; path = NewsApp_2.entitlements; sourceTree = "<group>"; };
		BB91E26127B0D37200395AC6 /* dino.json */ = {isa = PBXFileReference; fileEncoding = 4; lastKnownFileType = text.json; path = dino.json; sourceTree = "<group>"; };
		BB91E26327B0E43700395AC6 /* MainNewsVC.swift */ = {isa = PBXFileReference; lastKnownFileType = sourcecode.swift; path = MainNewsVC.swift; sourceTree = "<group>"; };
		BB91E26527B113B300395AC6 /* NewsTableViewCell.swift */ = {isa = PBXFileReference; lastKnownFileType = sourcecode.swift; path = NewsTableViewCell.swift; sourceTree = "<group>"; };
		BB91E26727B21AA800395AC6 /* MainNewsTableViewCell.xib */ = {isa = PBXFileReference; lastKnownFileType = file.xib; path = MainNewsTableViewCell.xib; sourceTree = "<group>"; };
		BB91E26927B23A5A00395AC6 /* News.swift */ = {isa = PBXFileReference; lastKnownFileType = sourcecode.swift; path = News.swift; sourceTree = "<group>"; };
		BB91E26B27B2620A00395AC6 /* NewsVC.swift */ = {isa = PBXFileReference; lastKnownFileType = sourcecode.swift; path = NewsVC.swift; sourceTree = "<group>"; };
		BBD5147727BA412F00074C98 /* MainNewsVC+UITableViewDataSource.swift */ = {isa = PBXFileReference; lastKnownFileType = sourcecode.swift; path = "MainNewsVC+UITableViewDataSource.swift"; sourceTree = "<group>"; };
		BBD5147927BA414D00074C98 /* MainNewsVC+UITableViewDelegate.swift */ = {isa = PBXFileReference; lastKnownFileType = sourcecode.swift; path = "MainNewsVC+UITableViewDelegate.swift"; sourceTree = "<group>"; };
		BBD5147B27BB61EC00074C98 /* NewsFetcher.swift */ = {isa = PBXFileReference; lastKnownFileType = sourcecode.swift; path = NewsFetcher.swift; sourceTree = "<group>"; };
		BBD5147D27BB8FDB00074C98 /* NewsFetcherAwait.swift */ = {isa = PBXFileReference; lastKnownFileType = sourcecode.swift; path = NewsFetcherAwait.swift; sourceTree = "<group>"; };
		BBD5148027BB982200074C98 /* jp@3x.png */ = {isa = PBXFileReference; lastKnownFileType = image.png; path = "jp@3x.png"; sourceTree = "<group>"; };
		BBD5148227BB982800074C98 /* jp@2x.png */ = {isa = PBXFileReference; lastKnownFileType = image.png; path = "jp@2x.png"; sourceTree = "<group>"; };
		BBD5148427BB983100074C98 /* thai@3x.png */ = {isa = PBXFileReference; lastKnownFileType = image.png; path = "thai@3x.png"; sourceTree = "<group>"; };
		BBD5148627BB983800074C98 /* thai@2x.png */ = {isa = PBXFileReference; lastKnownFileType = image.png; path = "thai@2x.png"; sourceTree = "<group>"; };
/* End PBXFileReference section */

/* Begin PBXFrameworksBuildPhase section */
		BB91E22727B0C50F00395AC6 /* Frameworks */ = {
			isa = PBXFrameworksBuildPhase;
			buildActionMask = 2147483647;
			files = (
				BB91E25F27B0C6EF00395AC6 /* Lottie in Frameworks */,
			);
			runOnlyForDeploymentPostprocessing = 0;
		};
		BB91E23D27B0C51400395AC6 /* Frameworks */ = {
			isa = PBXFrameworksBuildPhase;
			buildActionMask = 2147483647;
			files = (
			);
			runOnlyForDeploymentPostprocessing = 0;
		};
		BB91E24727B0C51400395AC6 /* Frameworks */ = {
			isa = PBXFrameworksBuildPhase;
			buildActionMask = 2147483647;
			files = (
			);
			runOnlyForDeploymentPostprocessing = 0;
		};
/* End PBXFrameworksBuildPhase section */

/* Begin PBXGroup section */
		BB91E22127B0C50F00395AC6 = {
			isa = PBXGroup;
			children = (
				BB91E22C27B0C50F00395AC6 /* NewsApp_2 */,
				BB91E24327B0C51400395AC6 /* NewsApp_2Tests */,
				BB91E24D27B0C51400395AC6 /* NewsApp_2UITests */,
				BB91E22B27B0C50F00395AC6 /* Products */,
			);
			sourceTree = "<group>";
		};
		BB91E22B27B0C50F00395AC6 /* Products */ = {
			isa = PBXGroup;
			children = (
				BB91E22A27B0C50F00395AC6 /* NewsApp_2.app */,
				BB91E24027B0C51400395AC6 /* NewsApp_2Tests.xctest */,
				BB91E24A27B0C51400395AC6 /* NewsApp_2UITests.xctest */,
			);
			name = Products;
			sourceTree = "<group>";
		};
		BB91E22C27B0C50F00395AC6 /* NewsApp_2 */ = {
			isa = PBXGroup;
			children = (
				BBD5147F27BB980A00074C98 /* AppIcon */,
				BB91E26027B0CA1500395AC6 /* NewsApp_2.entitlements */,
				BB91E22D27B0C50F00395AC6 /* AppDelegate.swift */,
				BB91E22F27B0C50F00395AC6 /* SceneDelegate.swift */,
				BB91E26927B23A5A00395AC6 /* News.swift */,
				BB91E26527B113B300395AC6 /* NewsTableViewCell.swift */,
				BBD5147727BA412F00074C98 /* MainNewsVC+UITableViewDataSource.swift */,
				BBD5147B27BB61EC00074C98 /* NewsFetcher.swift */,
				BB91E26727B21AA800395AC6 /* MainNewsTableViewCell.xib */,
				BBD5147D27BB8FDB00074C98 /* NewsFetcherAwait.swift */,
				BB91E26B27B2620A00395AC6 /* NewsVC.swift */,
				BBD5147927BA414D00074C98 /* MainNewsVC+UITableViewDelegate.swift */,
				BB91E26327B0E43700395AC6 /* MainNewsVC.swift */,
				BB91E23127B0C50F00395AC6 /* SplashViewController.swift */,
				BB91E23327B0C50F00395AC6 /* Main.storyboard */,
				BB91E23627B0C51400395AC6 /* Assets.xcassets */,
				BB91E23827B0C51400395AC6 /* LaunchScreen.storyboard */,
				BB91E26127B0D37200395AC6 /* dino.json */,
				BB91E23B27B0C51400395AC6 /* Info.plist */,
			);
			path = NewsApp_2;
			sourceTree = "<group>";
		};
		BB91E24327B0C51400395AC6 /* NewsApp_2Tests */ = {
			isa = PBXGroup;
			children = (
				BB91E24427B0C51400395AC6 /* NewsApp_2Tests.swift */,
			);
			path = NewsApp_2Tests;
			sourceTree = "<group>";
		};
		BB91E24D27B0C51400395AC6 /* NewsApp_2UITests */ = {
			isa = PBXGroup;
			children = (
				BB91E24E27B0C51400395AC6 /* NewsApp_2UITests.swift */,
				BB91E25027B0C51400395AC6 /* NewsApp_2UITestsLaunchTests.swift */,
			);
			path = NewsApp_2UITests;
			sourceTree = "<group>";
		};
		BBD5147F27BB980A00074C98 /* AppIcon */ = {
			isa = PBXGroup;
			children = (
				BBD5148227BB982800074C98 /* jp@2x.png */,
				BBD5148627BB983800074C98 /* thai@2x.png */,
				BBD5148427BB983100074C98 /* thai@3x.png */,
				BBD5148027BB982200074C98 /* jp@3x.png */,
			);
			path = AppIcon;
			sourceTree = "<group>";
		};
/* End PBXGroup section */

/* Begin PBXNativeTarget section */
		BB91E22927B0C50F00395AC6 /* NewsApp_2 */ = {
			isa = PBXNativeTarget;
			buildConfigurationList = BB91E25427B0C51400395AC6 /* Build configuration list for PBXNativeTarget "NewsApp_2" */;
			buildPhases = (
				BB91E22627B0C50F00395AC6 /* Sources */,
				BB91E22727B0C50F00395AC6 /* Frameworks */,
				BB91E22827B0C50F00395AC6 /* Resources */,
			);
			buildRules = (
			);
			dependencies = (
			);
			name = NewsApp_2;
			packageProductDependencies = (
				BB91E25E27B0C6EF00395AC6 /* Lottie */,
			);
			productName = NewsApp_2;
			productReference = BB91E22A27B0C50F00395AC6 /* NewsApp_2.app */;
			productType = "com.apple.product-type.application";
		};
		BB91E23F27B0C51400395AC6 /* NewsApp_2Tests */ = {
			isa = PBXNativeTarget;
			buildConfigurationList = BB91E25727B0C51400395AC6 /* Build configuration list for PBXNativeTarget "NewsApp_2Tests" */;
			buildPhases = (
				BB91E23C27B0C51400395AC6 /* Sources */,
				BB91E23D27B0C51400395AC6 /* Frameworks */,
				BB91E23E27B0C51400395AC6 /* Resources */,
			);
			buildRules = (
			);
			dependencies = (
				BB91E24227B0C51400395AC6 /* PBXTargetDependency */,
			);
			name = NewsApp_2Tests;
			productName = NewsApp_2Tests;
			productReference = BB91E24027B0C51400395AC6 /* NewsApp_2Tests.xctest */;
			productType = "com.apple.product-type.bundle.unit-test";
		};
		BB91E24927B0C51400395AC6 /* NewsApp_2UITests */ = {
			isa = PBXNativeTarget;
			buildConfigurationList = BB91E25A27B0C51400395AC6 /* Build configuration list for PBXNativeTarget "NewsApp_2UITests" */;
			buildPhases = (
				BB91E24627B0C51400395AC6 /* Sources */,
				BB91E24727B0C51400395AC6 /* Frameworks */,
				BB91E24827B0C51400395AC6 /* Resources */,
			);
			buildRules = (
			);
			dependencies = (
				BB91E24C27B0C51400395AC6 /* PBXTargetDependency */,
			);
			name = NewsApp_2UITests;
			productName = NewsApp_2UITests;
			productReference = BB91E24A27B0C51400395AC6 /* NewsApp_2UITests.xctest */;
			productType = "com.apple.product-type.bundle.ui-testing";
		};
/* End PBXNativeTarget section */

/* Begin PBXProject section */
		BB91E22227B0C50F00395AC6 /* Project object */ = {
			isa = PBXProject;
			attributes = {
				BuildIndependentTargetsInParallel = 1;
				LastSwiftUpdateCheck = 1320;
				LastUpgradeCheck = 1320;
				TargetAttributes = {
					BB91E22927B0C50F00395AC6 = {
						CreatedOnToolsVersion = 13.2.1;
					};
					BB91E23F27B0C51400395AC6 = {
						CreatedOnToolsVersion = 13.2.1;
						TestTargetID = BB91E22927B0C50F00395AC6;
					};
					BB91E24927B0C51400395AC6 = {
						CreatedOnToolsVersion = 13.2.1;
						TestTargetID = BB91E22927B0C50F00395AC6;
					};
				};
			};
			buildConfigurationList = BB91E22527B0C50F00395AC6 /* Build configuration list for PBXProject "NewsApp_2" */;
			compatibilityVersion = "Xcode 13.0";
			developmentRegion = en;
			hasScannedForEncodings = 0;
			knownRegions = (
				en,
				Base,
			);
			mainGroup = BB91E22127B0C50F00395AC6;
			packageReferences = (
				BB91E25D27B0C6EF00395AC6 /* XCRemoteSwiftPackageReference "lottie-ios" */,
			);
			productRefGroup = BB91E22B27B0C50F00395AC6 /* Products */;
			projectDirPath = "";
			projectRoot = "";
			targets = (
				BB91E22927B0C50F00395AC6 /* NewsApp_2 */,
				BB91E23F27B0C51400395AC6 /* NewsApp_2Tests */,
				BB91E24927B0C51400395AC6 /* NewsApp_2UITests */,
			);
		};
/* End PBXProject section */

/* Begin PBXResourcesBuildPhase section */
		BB91E22827B0C50F00395AC6 /* Resources */ = {
			isa = PBXResourcesBuildPhase;
			buildActionMask = 2147483647;
			files = (
				BB91E23A27B0C51400395AC6 /* LaunchScreen.storyboard in Resources */,
				BB91E23727B0C51400395AC6 /* Assets.xcassets in Resources */,
				BB91E23527B0C50F00395AC6 /* Main.storyboard in Resources */,
				BBD5148127BB982200074C98 /* jp@3x.png in Resources */,
				BBD5148327BB982800074C98 /* jp@2x.png in Resources */,
				BB91E26827B21AA800395AC6 /* MainNewsTableViewCell.xib in Resources */,
				BB91E26227B0D37200395AC6 /* dino.json in Resources */,
				BBD5148727BB983800074C98 /* thai@2x.png in Resources */,
				BBD5148527BB983100074C98 /* thai@3x.png in Resources */,
			);
			runOnlyForDeploymentPostprocessing = 0;
		};
		BB91E23E27B0C51400395AC6 /* Resources */ = {
			isa = PBXResourcesBuildPhase;
			buildActionMask = 2147483647;
			files = (
			);
			runOnlyForDeploymentPostprocessing = 0;
		};
		BB91E24827B0C51400395AC6 /* Resources */ = {
			isa = PBXResourcesBuildPhase;
			buildActionMask = 2147483647;
			files = (
			);
			runOnlyForDeploymentPostprocessing = 0;
		};
/* End PBXResourcesBuildPhase section */

/* Begin PBXSourcesBuildPhase section */
		BB91E22627B0C50F00395AC6 /* Sources */ = {
			isa = PBXSourcesBuildPhase;
			buildActionMask = 2147483647;
			files = (
				BB91E26A27B23A5A00395AC6 /* News.swift in Sources */,
				BB91E23227B0C50F00395AC6 /* SplashViewController.swift in Sources */,
				BB91E22E27B0C50F00395AC6 /* AppDelegate.swift in Sources */,
				BBD5147827BA412F00074C98 /* MainNewsVC+UITableViewDataSource.swift in Sources */,
				BBD5147E27BB8FDB00074C98 /* NewsFetcherAwait.swift in Sources */,
				BB91E26C27B2620A00395AC6 /* NewsVC.swift in Sources */,
				BB91E26627B113B300395AC6 /* NewsTableViewCell.swift in Sources */,
				BBD5147C27BB61EC00074C98 /* NewsFetcher.swift in Sources */,
				BBD5147A27BA414D00074C98 /* MainNewsVC+UITableViewDelegate.swift in Sources */,
				BB91E26427B0E43700395AC6 /* MainNewsVC.swift in Sources */,
				BB91E23027B0C50F00395AC6 /* SceneDelegate.swift in Sources */,
			);
			runOnlyForDeploymentPostprocessing = 0;
		};
		BB91E23C27B0C51400395AC6 /* Sources */ = {
			isa = PBXSourcesBuildPhase;
			buildActionMask = 2147483647;
			files = (
				BB91E24527B0C51400395AC6 /* NewsApp_2Tests.swift in Sources */,
			);
			runOnlyForDeploymentPostprocessing = 0;
		};
		BB91E24627B0C51400395AC6 /* Sources */ = {
			isa = PBXSourcesBuildPhase;
			buildActionMask = 2147483647;
			files = (
				BB91E25127B0C51400395AC6 /* NewsApp_2UITestsLaunchTests.swift in Sources */,
				BB91E24F27B0C51400395AC6 /* NewsApp_2UITests.swift in Sources */,
			);
			runOnlyForDeploymentPostprocessing = 0;
		};
/* End PBXSourcesBuildPhase section */

/* Begin PBXTargetDependency section */
		BB91E24227B0C51400395AC6 /* PBXTargetDependency */ = {
			isa = PBXTargetDependency;
			target = BB91E22927B0C50F00395AC6 /* NewsApp_2 */;
			targetProxy = BB91E24127B0C51400395AC6 /* PBXContainerItemProxy */;
		};
		BB91E24C27B0C51400395AC6 /* PBXTargetDependency */ = {
			isa = PBXTargetDependency;
			target = BB91E22927B0C50F00395AC6 /* NewsApp_2 */;
			targetProxy = BB91E24B27B0C51400395AC6 /* PBXContainerItemProxy */;
		};
/* End PBXTargetDependency section */

/* Begin PBXVariantGroup section */
		BB91E23327B0C50F00395AC6 /* Main.storyboard */ = {
			isa = PBXVariantGroup;
			children = (
				BB91E23427B0C50F00395AC6 /* Base */,
			);
			name = Main.storyboard;
			sourceTree = "<group>";
		};
		BB91E23827B0C51400395AC6 /* LaunchScreen.storyboard */ = {
			isa = PBXVariantGroup;
			children = (
				BB91E23927B0C51400395AC6 /* Base */,
			);
			name = LaunchScreen.storyboard;
			sourceTree = "<group>";
		};
/* End PBXVariantGroup section */

/* Begin XCBuildConfiguration section */
		BB91E25227B0C51400395AC6 /* Debug */ = {
			isa = XCBuildConfiguration;
			buildSettings = {
				ALWAYS_SEARCH_USER_PATHS = NO;
				CLANG_ANALYZER_NONNULL = YES;
				CLANG_ANALYZER_NUMBER_OBJECT_CONVERSION = YES_AGGRESSIVE;
				CLANG_CXX_LANGUAGE_STANDARD = "gnu++17";
				CLANG_CXX_LIBRARY = "libc++";
				CLANG_ENABLE_MODULES = YES;
				CLANG_ENABLE_OBJC_ARC = YES;
				CLANG_ENABLE_OBJC_WEAK = YES;
				CLANG_WARN_BLOCK_CAPTURE_AUTORELEASING = YES;
				CLANG_WARN_BOOL_CONVERSION = YES;
				CLANG_WARN_COMMA = YES;
				CLANG_WARN_CONSTANT_CONVERSION = YES;
				CLANG_WARN_DEPRECATED_OBJC_IMPLEMENTATIONS = YES;
				CLANG_WARN_DIRECT_OBJC_ISA_USAGE = YES_ERROR;
				CLANG_WARN_DOCUMENTATION_COMMENTS = YES;
				CLANG_WARN_EMPTY_BODY = YES;
				CLANG_WARN_ENUM_CONVERSION = YES;
				CLANG_WARN_INFINITE_RECURSION = YES;
				CLANG_WARN_INT_CONVERSION = YES;
				CLANG_WARN_NON_LITERAL_NULL_CONVERSION = YES;
				CLANG_WARN_OBJC_IMPLICIT_RETAIN_SELF = YES;
				CLANG_WARN_OBJC_LITERAL_CONVERSION = YES;
				CLANG_WARN_OBJC_ROOT_CLASS = YES_ERROR;
				CLANG_WARN_QUOTED_INCLUDE_IN_FRAMEWORK_HEADER = YES;
				CLANG_WARN_RANGE_LOOP_ANALYSIS = YES;
				CLANG_WARN_STRICT_PROTOTYPES = YES;
				CLANG_WARN_SUSPICIOUS_MOVE = YES;
				CLANG_WARN_UNGUARDED_AVAILABILITY = YES_AGGRESSIVE;
				CLANG_WARN_UNREACHABLE_CODE = YES;
				CLANG_WARN__DUPLICATE_METHOD_MATCH = YES;
				COPY_PHASE_STRIP = NO;
				DEBUG_INFORMATION_FORMAT = dwarf;
				ENABLE_STRICT_OBJC_MSGSEND = YES;
				ENABLE_TESTABILITY = YES;
				GCC_C_LANGUAGE_STANDARD = gnu11;
				GCC_DYNAMIC_NO_PIC = NO;
				GCC_NO_COMMON_BLOCKS = YES;
				GCC_OPTIMIZATION_LEVEL = 0;
				GCC_PREPROCESSOR_DEFINITIONS = (
					"DEBUG=1",
					"$(inherited)",
				);
				GCC_WARN_64_TO_32_BIT_CONVERSION = YES;
				GCC_WARN_ABOUT_RETURN_TYPE = YES_ERROR;
				GCC_WARN_UNDECLARED_SELECTOR = YES;
				GCC_WARN_UNINITIALIZED_AUTOS = YES_AGGRESSIVE;
				GCC_WARN_UNUSED_FUNCTION = YES;
				GCC_WARN_UNUSED_VARIABLE = YES;
				IPHONEOS_DEPLOYMENT_TARGET = 15.2;
				MTL_ENABLE_DEBUG_INFO = INCLUDE_SOURCE;
				MTL_FAST_MATH = YES;
				ONLY_ACTIVE_ARCH = YES;
				SDKROOT = iphoneos;
				SWIFT_ACTIVE_COMPILATION_CONDITIONS = DEBUG;
				SWIFT_OPTIMIZATION_LEVEL = "-Onone";
			};
			name = Debug;
		};
		BB91E25327B0C51400395AC6 /* Release */ = {
			isa = XCBuildConfiguration;
			buildSettings = {
				ALWAYS_SEARCH_USER_PATHS = NO;
				CLANG_ANALYZER_NONNULL = YES;
				CLANG_ANALYZER_NUMBER_OBJECT_CONVERSION = YES_AGGRESSIVE;
				CLANG_CXX_LANGUAGE_STANDARD = "gnu++17";
				CLANG_CXX_LIBRARY = "libc++";
				CLANG_ENABLE_MODULES = YES;
				CLANG_ENABLE_OBJC_ARC = YES;
				CLANG_ENABLE_OBJC_WEAK = YES;
				CLANG_WARN_BLOCK_CAPTURE_AUTORELEASING = YES;
				CLANG_WARN_BOOL_CONVERSION = YES;
				CLANG_WARN_COMMA = YES;
				CLANG_WARN_CONSTANT_CONVERSION = YES;
				CLANG_WARN_DEPRECATED_OBJC_IMPLEMENTATIONS = YES;
				CLANG_WARN_DIRECT_OBJC_ISA_USAGE = YES_ERROR;
				CLANG_WARN_DOCUMENTATION_COMMENTS = YES;
				CLANG_WARN_EMPTY_BODY = YES;
				CLANG_WARN_ENUM_CONVERSION = YES;
				CLANG_WARN_INFINITE_RECURSION = YES;
				CLANG_WARN_INT_CONVERSION = YES;
				CLANG_WARN_NON_LITERAL_NULL_CONVERSION = YES;
				CLANG_WARN_OBJC_IMPLICIT_RETAIN_SELF = YES;
				CLANG_WARN_OBJC_LITERAL_CONVERSION = YES;
				CLANG_WARN_OBJC_ROOT_CLASS = YES_ERROR;
				CLANG_WARN_QUOTED_INCLUDE_IN_FRAMEWORK_HEADER = YES;
				CLANG_WARN_RANGE_LOOP_ANALYSIS = YES;
				CLANG_WARN_STRICT_PROTOTYPES = YES;
				CLANG_WARN_SUSPICIOUS_MOVE = YES;
				CLANG_WARN_UNGUARDED_AVAILABILITY = YES_AGGRESSIVE;
				CLANG_WARN_UNREACHABLE_CODE = YES;
				CLANG_WARN__DUPLICATE_METHOD_MATCH = YES;
				COPY_PHASE_STRIP = NO;
				DEBUG_INFORMATION_FORMAT = "dwarf-with-dsym";
				ENABLE_NS_ASSERTIONS = NO;
				ENABLE_STRICT_OBJC_MSGSEND = YES;
				GCC_C_LANGUAGE_STANDARD = gnu11;
				GCC_NO_COMMON_BLOCKS = YES;
				GCC_WARN_64_TO_32_BIT_CONVERSION = YES;
				GCC_WARN_ABOUT_RETURN_TYPE = YES_ERROR;
				GCC_WARN_UNDECLARED_SELECTOR = YES;
				GCC_WARN_UNINITIALIZED_AUTOS = YES_AGGRESSIVE;
				GCC_WARN_UNUSED_FUNCTION = YES;
				GCC_WARN_UNUSED_VARIABLE = YES;
				IPHONEOS_DEPLOYMENT_TARGET = 15.2;
				MTL_ENABLE_DEBUG_INFO = NO;
				MTL_FAST_MATH = YES;
				SDKROOT = iphoneos;
				SWIFT_COMPILATION_MODE = wholemodule;
				SWIFT_OPTIMIZATION_LEVEL = "-O";
				VALIDATE_PRODUCT = YES;
			};
			name = Release;
		};
		BB91E25527B0C51400395AC6 /* Debug */ = {
			isa = XCBuildConfiguration;
			buildSettings = {
				ASSETCATALOG_COMPILER_APPICON_NAME = AppIcon;
				ASSETCATALOG_COMPILER_GLOBAL_ACCENT_COLOR_NAME = AccentColor;
				CODE_SIGN_ENTITLEMENTS = NewsApp_2/NewsApp_2.entitlements;
				CODE_SIGN_STYLE = Automatic;
				CURRENT_PROJECT_VERSION = 1;
				DEVELOPMENT_TEAM = NGDVVLJ25F;
				GENERATE_INFOPLIST_FILE = YES;
				INFOPLIST_FILE = NewsApp_2/Info.plist;
				INFOPLIST_KEY_CFBundleDisplayName = "ข่าวมาเเล้วจ้า";
				INFOPLIST_KEY_UIApplicationSupportsIndirectInputEvents = YES;
				INFOPLIST_KEY_UILaunchStoryboardName = LaunchScreen;
				INFOPLIST_KEY_UIMainStoryboardFile = Main;
				INFOPLIST_KEY_UISupportedInterfaceOrientations_iPad = "UIInterfaceOrientationPortrait UIInterfaceOrientationPortraitUpsideDown UIInterfaceOrientationLandscapeLeft UIInterfaceOrientationLandscapeRight";
				INFOPLIST_KEY_UISupportedInterfaceOrientations_iPhone = "UIInterfaceOrientationPortrait UIInterfaceOrientationLandscapeLeft UIInterfaceOrientationLandscapeRight";
				LD_RUNPATH_SEARCH_PATHS = (
					"$(inherited)",
					"@executable_path/Frameworks",
				);
				MARKETING_VERSION = 1.0;
				PRODUCT_BUNDLE_IDENTIFIER = "Ann-Siroratt.NewsApp-2";
				PRODUCT_NAME = "$(TARGET_NAME)";
				SUPPORTS_MACCATALYST = NO;
				SWIFT_EMIT_LOC_STRINGS = YES;
				SWIFT_VERSION = 5.0;
				TARGETED_DEVICE_FAMILY = "1,2";
			};
			name = Debug;
		};
		BB91E25627B0C51400395AC6 /* Release */ = {
			isa = XCBuildConfiguration;
			buildSettings = {
				ASSETCATALOG_COMPILER_APPICON_NAME = AppIcon;
				ASSETCATALOG_COMPILER_GLOBAL_ACCENT_COLOR_NAME = AccentColor;
				CODE_SIGN_ENTITLEMENTS = NewsApp_2/NewsApp_2.entitlements;
				CODE_SIGN_STYLE = Automatic;
				CURRENT_PROJECT_VERSION = 1;
				DEVELOPMENT_TEAM = NGDVVLJ25F;
				GENERATE_INFOPLIST_FILE = YES;
				INFOPLIST_FILE = NewsApp_2/Info.plist;
				INFOPLIST_KEY_CFBundleDisplayName = "ข่าวมาเเล้วจ้า";
				INFOPLIST_KEY_UIApplicationSupportsIndirectInputEvents = YES;
				INFOPLIST_KEY_UILaunchStoryboardName = LaunchScreen;
				INFOPLIST_KEY_UIMainStoryboardFile = Main;
				INFOPLIST_KEY_UISupportedInterfaceOrientations_iPad = "UIInterfaceOrientationPortrait UIInterfaceOrientationPortraitUpsideDown UIInterfaceOrientationLandscapeLeft UIInterfaceOrientationLandscapeRight";
				INFOPLIST_KEY_UISupportedInterfaceOrientations_iPhone = "UIInterfaceOrientationPortrait UIInterfaceOrientationLandscapeLeft UIInterfaceOrientationLandscapeRight";
				LD_RUNPATH_SEARCH_PATHS = (
					"$(inherited)",
					"@executable_path/Frameworks",
				);
				MARKETING_VERSION = 1.0;
				PRODUCT_BUNDLE_IDENTIFIER = "Ann-Siroratt.NewsApp-2";
				PRODUCT_NAME = "$(TARGET_NAME)";
				SUPPORTS_MACCATALYST = NO;
				SWIFT_EMIT_LOC_STRINGS = YES;
				SWIFT_VERSION = 5.0;
				TARGETED_DEVICE_FAMILY = "1,2";
			};
			name = Release;
		};
		BB91E25827B0C51400395AC6 /* Debug */ = {
			isa = XCBuildConfiguration;
			buildSettings = {
				ALWAYS_EMBED_SWIFT_STANDARD_LIBRARIES = YES;
				BUNDLE_LOADER = "$(TEST_HOST)";
				CODE_SIGN_STYLE = Automatic;
				CURRENT_PROJECT_VERSION = 1;
				DEVELOPMENT_TEAM = K9N3ERF77J;
				GENERATE_INFOPLIST_FILE = YES;
				IPHONEOS_DEPLOYMENT_TARGET = 15.2;
				MARKETING_VERSION = 1.0;
				PRODUCT_BUNDLE_IDENTIFIER = "Ann-Siroratt.NewsApp-2Tests";
				PRODUCT_NAME = "$(TARGET_NAME)";
				SWIFT_EMIT_LOC_STRINGS = NO;
				SWIFT_VERSION = 5.0;
				TARGETED_DEVICE_FAMILY = "1,2";
				TEST_HOST = "$(BUILT_PRODUCTS_DIR)/NewsApp_2.app/NewsApp_2";
			};
			name = Debug;
		};
		BB91E25927B0C51400395AC6 /* Release */ = {
			isa = XCBuildConfiguration;
			buildSettings = {
				ALWAYS_EMBED_SWIFT_STANDARD_LIBRARIES = YES;
				BUNDLE_LOADER = "$(TEST_HOST)";
				CODE_SIGN_STYLE = Automatic;
				CURRENT_PROJECT_VERSION = 1;
				DEVELOPMENT_TEAM = K9N3ERF77J;
				GENERATE_INFOPLIST_FILE = YES;
				IPHONEOS_DEPLOYMENT_TARGET = 15.2;
				MARKETING_VERSION = 1.0;
				PRODUCT_BUNDLE_IDENTIFIER = "Ann-Siroratt.NewsApp-2Tests";
				PRODUCT_NAME = "$(TARGET_NAME)";
				SWIFT_EMIT_LOC_STRINGS = NO;
				SWIFT_VERSION = 5.0;
				TARGETED_DEVICE_FAMILY = "1,2";
				TEST_HOST = "$(BUILT_PRODUCTS_DIR)/NewsApp_2.app/NewsApp_2";
			};
			name = Release;
		};
		BB91E25B27B0C51400395AC6 /* Debug */ = {
			isa = XCBuildConfiguration;
			buildSettings = {
				ALWAYS_EMBED_SWIFT_STANDARD_LIBRARIES = YES;
				CODE_SIGN_STYLE = Automatic;
				CURRENT_PROJECT_VERSION = 1;
				DEVELOPMENT_TEAM = K9N3ERF77J;
				GENERATE_INFOPLIST_FILE = YES;
				MARKETING_VERSION = 1.0;
				PRODUCT_BUNDLE_IDENTIFIER = "Ann-Siroratt.NewsApp-2UITests";
				PRODUCT_NAME = "$(TARGET_NAME)";
				SWIFT_EMIT_LOC_STRINGS = NO;
				SWIFT_VERSION = 5.0;
				TARGETED_DEVICE_FAMILY = "1,2";
				TEST_TARGET_NAME = NewsApp_2;
			};
			name = Debug;
		};
		BB91E25C27B0C51400395AC6 /* Release */ = {
			isa = XCBuildConfiguration;
			buildSettings = {
				ALWAYS_EMBED_SWIFT_STANDARD_LIBRARIES = YES;
				CODE_SIGN_STYLE = Automatic;
				CURRENT_PROJECT_VERSION = 1;
				DEVELOPMENT_TEAM = K9N3ERF77J;
				GENERATE_INFOPLIST_FILE = YES;
				MARKETING_VERSION = 1.0;
				PRODUCT_BUNDLE_IDENTIFIER = "Ann-Siroratt.NewsApp-2UITests";
				PRODUCT_NAME = "$(TARGET_NAME)";
				SWIFT_EMIT_LOC_STRINGS = NO;
				SWIFT_VERSION = 5.0;
				TARGETED_DEVICE_FAMILY = "1,2";
				TEST_TARGET_NAME = NewsApp_2;
			};
			name = Release;
		};
/* End XCBuildConfiguration section */

/* Begin XCConfigurationList section */
		BB91E22527B0C50F00395AC6 /* Build configuration list for PBXProject "NewsApp_2" */ = {
			isa = XCConfigurationList;
			buildConfigurations = (
				BB91E25227B0C51400395AC6 /* Debug */,
				BB91E25327B0C51400395AC6 /* Release */,
			);
			defaultConfigurationIsVisible = 0;
			defaultConfigurationName = Release;
		};
		BB91E25427B0C51400395AC6 /* Build configuration list for PBXNativeTarget "NewsApp_2" */ = {
			isa = XCConfigurationList;
			buildConfigurations = (
				BB91E25527B0C51400395AC6 /* Debug */,
				BB91E25627B0C51400395AC6 /* Release */,
			);
			defaultConfigurationIsVisible = 0;
			defaultConfigurationName = Release;
		};
		BB91E25727B0C51400395AC6 /* Build configuration list for PBXNativeTarget "NewsApp_2Tests" */ = {
			isa = XCConfigurationList;
			buildConfigurations = (
				BB91E25827B0C51400395AC6 /* Debug */,
				BB91E25927B0C51400395AC6 /* Release */,
			);
			defaultConfigurationIsVisible = 0;
			defaultConfigurationName = Release;
		};
		BB91E25A27B0C51400395AC6 /* Build configuration list for PBXNativeTarget "NewsApp_2UITests" */ = {
			isa = XCConfigurationList;
			buildConfigurations = (
				BB91E25B27B0C51400395AC6 /* Debug */,
				BB91E25C27B0C51400395AC6 /* Release */,
			);
			defaultConfigurationIsVisible = 0;
			defaultConfigurationName = Release;
		};
/* End XCConfigurationList section */

/* Begin XCRemoteSwiftPackageReference section */
		BB91E25D27B0C6EF00395AC6 /* XCRemoteSwiftPackageReference "lottie-ios" */ = {
			isa = XCRemoteSwiftPackageReference;
			repositoryURL = "https://github.com/airbnb/lottie-ios";
			requirement = {
				kind = upToNextMajorVersion;
				minimumVersion = 3.0.0;
			};
		};
/* End XCRemoteSwiftPackageReference section */

/* Begin XCSwiftPackageProductDependency section */
		BB91E25E27B0C6EF00395AC6 /* Lottie */ = {
			isa = XCSwiftPackageProductDependency;
			package = BB91E25D27B0C6EF00395AC6 /* XCRemoteSwiftPackageReference "lottie-ios" */;
			productName = Lottie;
		};
/* End XCSwiftPackageProductDependency section */
	};
	rootObject = BB91E22227B0C50F00395AC6 /* Project object */;
}
